{
  "originHash" : "0f99821213325ff8572b3d4659aa0a1e12a9790c7638c21da93917def231dc33",
  "pins" : [
    {
      "identity" : "static-libgit2",
      "kind" : "remoteSourceControl",
      "location" : "https://github.com/bdewey/static-libgit2",
      "state" : {
        "revision" : "ca2b13cb2cd04365c9416803c1d7e26116b23efd",
        "version" : "0.5.0"
      }
    },
    {
      "identity" : "swift-log",
      "kind" : "remoteSourceControl",
      "location" : "https://github.com/apple/swift-log.git",
      "state" : {
        "revision" : "e97a6fcb1ab07462881ac165fdbb37f067e205d5",
        "version" : "1.5.4"
      }
    }
  ],
  "version" : 3
}
